// !$*UTF8*$!
{
	archiveVersion = 1;
	classes = {
	};
	objectVersion = 46;
	objects = {

/* Begin PBXBuildFile section */
		1981117F1BB74D9D2B6661BA /* libPods.a in Frameworks */ = {isa = PBXBuildFile; fileRef = F82754A037F78859AEDBF99B /* libPods.a */; };
		ABA301DF1CEAFCC700693AC6 /* main.m in Sources */ = {isa = PBXBuildFile; fileRef = ABA301DE1CEAFCC700693AC6 /* main.m */; };
		ABA301EB1CEAFCC700693AC6 /* Main.storyboard in Resources */ = {isa = PBXBuildFile; fileRef = ABA301E91CEAFCC700693AC6 /* Main.storyboard */; };
		ABA301ED1CEAFCC700693AC6 /* Assets.xcassets in Resources */ = {isa = PBXBuildFile; fileRef = ABA301EC1CEAFCC700693AC6 /* Assets.xcassets */; };
		ABA301F01CEAFCC700693AC6 /* LaunchScreen.storyboard in Resources */ = {isa = PBXBuildFile; fileRef = ABA301EE1CEAFCC700693AC6 /* LaunchScreen.storyboard */; };
		ABA301FB1CEAFCC700693AC6 /* QixinFinanceTests.m in Sources */ = {isa = PBXBuildFile; fileRef = ABA301FA1CEAFCC700693AC6 /* QixinFinanceTests.m */; };
		ABA302061CEAFCC700693AC6 /* QixinFinanceUITests.m in Sources */ = {isa = PBXBuildFile; fileRef = ABA302051CEAFCC700693AC6 /* QixinFinanceUITests.m */; };
		ABA302291CEB071200693AC6 /* AppDelegate.m in Sources */ = {isa = PBXBuildFile; fileRef = ABA302151CEB071200693AC6 /* AppDelegate.m */; };
		ABA3022D1CEB084400693AC6 /* HomeTabbarViewController.m in Sources */ = {isa = PBXBuildFile; fileRef = ABA3022C1CEB084400693AC6 /* HomeTabbarViewController.m */; };
		ABA302301CEB089900693AC6 /* Homepage.storyboard in Resources */ = {isa = PBXBuildFile; fileRef = ABA3022F1CEB089900693AC6 /* Homepage.storyboard */; };
		ABA302321CEB08A500693AC6 /* Forum.storyboard in Resources */ = {isa = PBXBuildFile; fileRef = ABA302311CEB08A500693AC6 /* Forum.storyboard */; };
		ABA302341CEB08BE00693AC6 /* Information.storyboard in Resources */ = {isa = PBXBuildFile; fileRef = ABA302331CEB08BE00693AC6 /* Information.storyboard */; };
		ABA302361CEB08D100693AC6 /* Personal.storyboard in Resources */ = {isa = PBXBuildFile; fileRef = ABA302351CEB08D100693AC6 /* Personal.storyboard */; };
		ABA302391CEB090500693AC6 /* HomeTabbars.json in Resources */ = {isa = PBXBuildFile; fileRef = ABA302381CEB090500693AC6 /* HomeTabbars.json */; };
		ABA3023D1CEB17F300693AC6 /* BaseViewController.m in Sources */ = {isa = PBXBuildFile; fileRef = ABA3023C1CEB17F300693AC6 /* BaseViewController.m */; };
		ABA302401CEB18F300693AC6 /* HomepageViewController.m in Sources */ = {isa = PBXBuildFile; fileRef = ABA3023F1CEB18F300693AC6 /* HomepageViewController.m */; };
		CCD4D5E41CEC92EE009B4550 /* ThreeTableViewCell.m in Sources */ = {isa = PBXBuildFile; fileRef = CCD4D5E31CEC92EE009B4550 /* ThreeTableViewCell.m */; };
		CCD4D5E81CEC930C009B4550 /* ThreeCollectionViewCell.m in Sources */ = {isa = PBXBuildFile; fileRef = CCD4D5E61CEC930C009B4550 /* ThreeCollectionViewCell.m */; };
		CCD4D5E91CEC930C009B4550 /* ThreeCollectionViewCell.xib in Resources */ = {isa = PBXBuildFile; fileRef = CCD4D5E71CEC930C009B4550 /* ThreeCollectionViewCell.xib */; };
		CCD4D5ED1CEC943B009B4550 /* recommandLoanTableViewCell.m in Sources */ = {isa = PBXBuildFile; fileRef = CCD4D5EB1CEC943B009B4550 /* recommandLoanTableViewCell.m */; };
		CCD4D5EE1CEC943B009B4550 /* recommandLoanTableViewCell.xib in Resources */ = {isa = PBXBuildFile; fileRef = CCD4D5EC1CEC943B009B4550 /* recommandLoanTableViewCell.xib */; };
		CCD4D5F21CEC9454009B4550 /* ActivityTableViewCell.m in Sources */ = {isa = PBXBuildFile; fileRef = CCD4D5F01CEC9454009B4550 /* ActivityTableViewCell.m */; };
		CCD4D5F31CEC9454009B4550 /* ActivityTableViewCell.xib in Resources */ = {isa = PBXBuildFile; fileRef = CCD4D5F11CEC9454009B4550 /* ActivityTableViewCell.xib */; };
		CCD4D5F71CEC946D009B4550 /* bankLoanTableViewCell.m in Sources */ = {isa = PBXBuildFile; fileRef = CCD4D5F51CEC946D009B4550 /* bankLoanTableViewCell.m */; };
		CCD4D5F81CEC946D009B4550 /* bankLoanTableViewCell.xib in Resources */ = {isa = PBXBuildFile; fileRef = CCD4D5F61CEC946D009B4550 /* bankLoanTableViewCell.xib */; };
		CCD4D5FC1CEC9482009B4550 /* HotCardTableViewCell.m in Sources */ = {isa = PBXBuildFile; fileRef = CCD4D5FA1CEC9482009B4550 /* HotCardTableViewCell.m */; };
		CCD4D5FD1CEC9482009B4550 /* HotCardTableViewCell.xib in Resources */ = {isa = PBXBuildFile; fileRef = CCD4D5FB1CEC9482009B4550 /* HotCardTableViewCell.xib */; };
		CCD4D6011CEC94B6009B4550 /* financialSelectedTableViewCell.m in Sources */ = {isa = PBXBuildFile; fileRef = CCD4D5FF1CEC94B6009B4550 /* financialSelectedTableViewCell.m */; };
		CCD4D6021CEC94B6009B4550 /* financialSelectedTableViewCell.xib in Resources */ = {isa = PBXBuildFile; fileRef = CCD4D6001CEC94B6009B4550 /* financialSelectedTableViewCell.xib */; };
		CCD4D6061CEC9755009B4550 /* financialProductTableViewCell.m in Sources */ = {isa = PBXBuildFile; fileRef = CCD4D6041CEC9755009B4550 /* financialProductTableViewCell.m */; };
		CCD4D6071CEC9755009B4550 /* financialProductTableViewCell.xib in Resources */ = {isa = PBXBuildFile; fileRef = CCD4D6051CEC9755009B4550 /* financialProductTableViewCell.xib */; };
		CCD4D6151CECA028009B4550 /* foumtab.png in Resources */ = {isa = PBXBuildFile; fileRef = CCD4D6091CECA028009B4550 /* foumtab.png */; };
		CCD4D6161CECA028009B4550 /* 启鑫app首页_03.png in Resources */ = {isa = PBXBuildFile; fileRef = CCD4D60A1CECA028009B4550 /* 启鑫app首页_03.png */; };
		CCD4D6171CECA028009B4550 /* 启鑫app首页_05.png in Resources */ = {isa = PBXBuildFile; fileRef = CCD4D60B1CECA028009B4550 /* 启鑫app首页_05.png */; };
		CCD4D6181CECA028009B4550 /* 启鑫app首页_09.png in Resources */ = {isa = PBXBuildFile; fileRef = CCD4D60C1CECA028009B4550 /* 启鑫app首页_09.png */; };
		CCD4D6191CECA028009B4550 /* 启鑫app首页_12.png in Resources */ = {isa = PBXBuildFile; fileRef = CCD4D60D1CECA028009B4550 /* 启鑫app首页_12.png */; };
		CCD4D61A1CECA028009B4550 /* 启鑫app首页_14.png in Resources */ = {isa = PBXBuildFile; fileRef = CCD4D60E1CECA028009B4550 /* 启鑫app首页_14.png */; };
		CCD4D61B1CECA028009B4550 /* 启鑫app首页_16.png in Resources */ = {isa = PBXBuildFile; fileRef = CCD4D60F1CECA028009B4550 /* 启鑫app首页_16.png */; };
		CCD4D61C1CECA028009B4550 /* 启鑫app首页_21.png in Resources */ = {isa = PBXBuildFile; fileRef = CCD4D6101CECA028009B4550 /* 启鑫app首页_21.png */; };
		CCD4D61D1CECA028009B4550 /* 启鑫app首页_24.png in Resources */ = {isa = PBXBuildFile; fileRef = CCD4D6111CECA028009B4550 /* 启鑫app首页_24.png */; };
		CCD4D61E1CECA028009B4550 /* 启鑫app首页_28.png in Resources */ = {isa = PBXBuildFile; fileRef = CCD4D6121CECA028009B4550 /* 启鑫app首页_28.png */; };
		CCD4D61F1CECA028009B4550 /* 启鑫app首页_30.png in Resources */ = {isa = PBXBuildFile; fileRef = CCD4D6131CECA028009B4550 /* 启鑫app首页_30.png */; };
		CCD4D6201CECA028009B4550 /* 启鑫app首页_34.png in Resources */ = {isa = PBXBuildFile; fileRef = CCD4D6141CECA028009B4550 /* 启鑫app首页_34.png */; };
		CCD4D6221CECA095009B4550 /* loanIcon.png in Resources */ = {isa = PBXBuildFile; fileRef = CCD4D6211CECA095009B4550 /* loanIcon.png */; };
		CCD4D6241CECA0DF009B4550 /* hotCard.png in Resources */ = {isa = PBXBuildFile; fileRef = CCD4D6231CECA0DF009B4550 /* hotCard.png */; };
		CCD4D6261CECA123009B4550 /* product.png in Resources */ = {isa = PBXBuildFile; fileRef = CCD4D6251CECA123009B4550 /* product.png */; };
		CCD4D6281CECA1E5009B4550 /* activity.png in Resources */ = {isa = PBXBuildFile; fileRef = CCD4D6271CECA1E5009B4550 /* activity.png */; };
/* End PBXBuildFile section */

/* Begin PBXContainerItemProxy section */
		ABA301F71CEAFCC700693AC6 /* PBXContainerItemProxy */ = {
			isa = PBXContainerItemProxy;
			containerPortal = ABA301D21CEAFCC600693AC6 /* Project object */;
			proxyType = 1;
			remoteGlobalIDString = ABA301D91CEAFCC600693AC6;
			remoteInfo = QixinFinance;
		};
		ABA302021CEAFCC700693AC6 /* PBXContainerItemProxy */ = {
			isa = PBXContainerItemProxy;
			containerPortal = ABA301D21CEAFCC600693AC6 /* Project object */;
			proxyType = 1;
			remoteGlobalIDString = ABA301D91CEAFCC600693AC6;
			remoteInfo = QixinFinance;
		};
/* End PBXContainerItemProxy section */

/* Begin PBXFileReference section */
		39D3FB5AAE129DB0C9DFE79B /* Pods.release.xcconfig */ = {isa = PBXFileReference; includeInIndex = 1; lastKnownFileType = text.xcconfig; name = Pods.release.xcconfig; path = "Pods/Target Support Files/Pods/Pods.release.xcconfig"; sourceTree = "<group>"; };
		ABA301DA1CEAFCC600693AC6 /* QixinFinance.app */ = {isa = PBXFileReference; explicitFileType = wrapper.application; includeInIndex = 0; path = QixinFinance.app; sourceTree = BUILT_PRODUCTS_DIR; };
		ABA301DE1CEAFCC700693AC6 /* main.m */ = {isa = PBXFileReference; lastKnownFileType = sourcecode.c.objc; path = main.m; sourceTree = "<group>"; };
		ABA301EA1CEAFCC700693AC6 /* Base */ = {isa = PBXFileReference; lastKnownFileType = file.storyboard; name = Base; path = Base.lproj/Main.storyboard; sourceTree = "<group>"; };
		ABA301EC1CEAFCC700693AC6 /* Assets.xcassets */ = {isa = PBXFileReference; lastKnownFileType = folder.assetcatalog; name = Assets.xcassets; path = ../Assets.xcassets; sourceTree = "<group>"; };
		ABA301EF1CEAFCC700693AC6 /* Base */ = {isa = PBXFileReference; lastKnownFileType = file.storyboard; name = Base; path = Base.lproj/LaunchScreen.storyboard; sourceTree = "<group>"; };
		ABA301F11CEAFCC700693AC6 /* Info.plist */ = {isa = PBXFileReference; lastKnownFileType = text.plist.xml; name = Info.plist; path = ../Info.plist; sourceTree = "<group>"; };
		ABA301F61CEAFCC700693AC6 /* QixinFinanceTests.xctest */ = {isa = PBXFileReference; explicitFileType = wrapper.cfbundle; includeInIndex = 0; path = QixinFinanceTests.xctest; sourceTree = BUILT_PRODUCTS_DIR; };
		ABA301FA1CEAFCC700693AC6 /* QixinFinanceTests.m */ = {isa = PBXFileReference; lastKnownFileType = sourcecode.c.objc; path = QixinFinanceTests.m; sourceTree = "<group>"; };
		ABA301FC1CEAFCC700693AC6 /* Info.plist */ = {isa = PBXFileReference; lastKnownFileType = text.plist.xml; path = Info.plist; sourceTree = "<group>"; };
		ABA302011CEAFCC700693AC6 /* QixinFinanceUITests.xctest */ = {isa = PBXFileReference; explicitFileType = wrapper.cfbundle; includeInIndex = 0; path = QixinFinanceUITests.xctest; sourceTree = BUILT_PRODUCTS_DIR; };
		ABA302051CEAFCC700693AC6 /* QixinFinanceUITests.m */ = {isa = PBXFileReference; lastKnownFileType = sourcecode.c.objc; path = QixinFinanceUITests.m; sourceTree = "<group>"; };
		ABA302071CEAFCC700693AC6 /* Info.plist */ = {isa = PBXFileReference; lastKnownFileType = text.plist.xml; path = Info.plist; sourceTree = "<group>"; };
		ABA302141CEB071200693AC6 /* AppDelegate.h */ = {isa = PBXFileReference; fileEncoding = 4; lastKnownFileType = sourcecode.c.h; path = AppDelegate.h; sourceTree = "<group>"; };
		ABA302151CEB071200693AC6 /* AppDelegate.m */ = {isa = PBXFileReference; fileEncoding = 4; lastKnownFileType = sourcecode.c.objc; path = AppDelegate.m; sourceTree = "<group>"; };
		ABA3022B1CEB084400693AC6 /* HomeTabbarViewController.h */ = {isa = PBXFileReference; fileEncoding = 4; lastKnownFileType = sourcecode.c.h; path = HomeTabbarViewController.h; sourceTree = "<group>"; };
		ABA3022C1CEB084400693AC6 /* HomeTabbarViewController.m */ = {isa = PBXFileReference; fileEncoding = 4; lastKnownFileType = sourcecode.c.objc; path = HomeTabbarViewController.m; sourceTree = "<group>"; };
		ABA3022F1CEB089900693AC6 /* Homepage.storyboard */ = {isa = PBXFileReference; fileEncoding = 4; lastKnownFileType = file.storyboard; path = Homepage.storyboard; sourceTree = "<group>"; };
		ABA302311CEB08A500693AC6 /* Forum.storyboard */ = {isa = PBXFileReference; fileEncoding = 4; lastKnownFileType = file.storyboard; path = Forum.storyboard; sourceTree = "<group>"; };
		ABA302331CEB08BE00693AC6 /* Information.storyboard */ = {isa = PBXFileReference; fileEncoding = 4; lastKnownFileType = file.storyboard; path = Information.storyboard; sourceTree = "<group>"; };
		ABA302351CEB08D100693AC6 /* Personal.storyboard */ = {isa = PBXFileReference; fileEncoding = 4; lastKnownFileType = file.storyboard; path = Personal.storyboard; sourceTree = "<group>"; };
		ABA302381CEB090500693AC6 /* HomeTabbars.json */ = {isa = PBXFileReference; fileEncoding = 4; lastKnownFileType = text.json; path = HomeTabbars.json; sourceTree = "<group>"; };
		ABA3023B1CEB17F300693AC6 /* BaseViewController.h */ = {isa = PBXFileReference; fileEncoding = 4; lastKnownFileType = sourcecode.c.h; path = BaseViewController.h; sourceTree = "<group>"; };
		ABA3023C1CEB17F300693AC6 /* BaseViewController.m */ = {isa = PBXFileReference; fileEncoding = 4; lastKnownFileType = sourcecode.c.objc; path = BaseViewController.m; sourceTree = "<group>"; };
		ABA3023E1CEB18F300693AC6 /* HomepageViewController.h */ = {isa = PBXFileReference; fileEncoding = 4; lastKnownFileType = sourcecode.c.h; path = HomepageViewController.h; sourceTree = "<group>"; };
		ABA3023F1CEB18F300693AC6 /* HomepageViewController.m */ = {isa = PBXFileReference; fileEncoding = 4; lastKnownFileType = sourcecode.c.objc; path = HomepageViewController.m; sourceTree = "<group>"; };
		CCD4D5E21CEC92EE009B4550 /* ThreeTableViewCell.h */ = {isa = PBXFileReference; fileEncoding = 4; lastKnownFileType = sourcecode.c.h; name = ThreeTableViewCell.h; path = QixinFinance/ThreeTableViewCell.h; sourceTree = SOURCE_ROOT; };
		CCD4D5E31CEC92EE009B4550 /* ThreeTableViewCell.m */ = {isa = PBXFileReference; fileEncoding = 4; lastKnownFileType = sourcecode.c.objc; name = ThreeTableViewCell.m; path = QixinFinance/ThreeTableViewCell.m; sourceTree = SOURCE_ROOT; };
		CCD4D5E51CEC930C009B4550 /* ThreeCollectionViewCell.h */ = {isa = PBXFileReference; fileEncoding = 4; lastKnownFileType = sourcecode.c.h; name = ThreeCollectionViewCell.h; path = QixinFinance/ThreeCollectionViewCell.h; sourceTree = SOURCE_ROOT; };
		CCD4D5E61CEC930C009B4550 /* ThreeCollectionViewCell.m */ = {isa = PBXFileReference; fileEncoding = 4; lastKnownFileType = sourcecode.c.objc; name = ThreeCollectionViewCell.m; path = QixinFinance/ThreeCollectionViewCell.m; sourceTree = SOURCE_ROOT; };
		CCD4D5E71CEC930C009B4550 /* ThreeCollectionViewCell.xib */ = {isa = PBXFileReference; fileEncoding = 4; lastKnownFileType = file.xib; name = ThreeCollectionViewCell.xib; path = QixinFinance/ThreeCollectionViewCell.xib; sourceTree = SOURCE_ROOT; };
		CCD4D5EA1CEC943B009B4550 /* recommandLoanTableViewCell.h */ = {isa = PBXFileReference; fileEncoding = 4; lastKnownFileType = sourcecode.c.h; name = recommandLoanTableViewCell.h; path = QixinFinance/recommandLoanTableViewCell.h; sourceTree = SOURCE_ROOT; };
		CCD4D5EB1CEC943B009B4550 /* recommandLoanTableViewCell.m */ = {isa = PBXFileReference; fileEncoding = 4; lastKnownFileType = sourcecode.c.objc; name = recommandLoanTableViewCell.m; path = QixinFinance/recommandLoanTableViewCell.m; sourceTree = SOURCE_ROOT; };
		CCD4D5EC1CEC943B009B4550 /* recommandLoanTableViewCell.xib */ = {isa = PBXFileReference; fileEncoding = 4; lastKnownFileType = file.xib; name = recommandLoanTableViewCell.xib; path = QixinFinance/recommandLoanTableViewCell.xib; sourceTree = SOURCE_ROOT; };
		CCD4D5EF1CEC9454009B4550 /* ActivityTableViewCell.h */ = {isa = PBXFileReference; fileEncoding = 4; lastKnownFileType = sourcecode.c.h; name = ActivityTableViewCell.h; path = QixinFinance/ActivityTableViewCell.h; sourceTree = SOURCE_ROOT; };
		CCD4D5F01CEC9454009B4550 /* ActivityTableViewCell.m */ = {isa = PBXFileReference; fileEncoding = 4; lastKnownFileType = sourcecode.c.objc; name = ActivityTableViewCell.m; path = QixinFinance/ActivityTableViewCell.m; sourceTree = SOURCE_ROOT; };
		CCD4D5F11CEC9454009B4550 /* ActivityTableViewCell.xib */ = {isa = PBXFileReference; fileEncoding = 4; lastKnownFileType = file.xib; name = ActivityTableViewCell.xib; path = QixinFinance/ActivityTableViewCell.xib; sourceTree = SOURCE_ROOT; };
		CCD4D5F41CEC946D009B4550 /* bankLoanTableViewCell.h */ = {isa = PBXFileReference; fileEncoding = 4; lastKnownFileType = sourcecode.c.h; name = bankLoanTableViewCell.h; path = QixinFinance/bankLoanTableViewCell.h; sourceTree = SOURCE_ROOT; };
		CCD4D5F51CEC946D009B4550 /* bankLoanTableViewCell.m */ = {isa = PBXFileReference; fileEncoding = 4; lastKnownFileType = sourcecode.c.objc; name = bankLoanTableViewCell.m; path = QixinFinance/bankLoanTableViewCell.m; sourceTree = SOURCE_ROOT; };
		CCD4D5F61CEC946D009B4550 /* bankLoanTableViewCell.xib */ = {isa = PBXFileReference; fileEncoding = 4; lastKnownFileType = file.xib; name = bankLoanTableViewCell.xib; path = QixinFinance/bankLoanTableViewCell.xib; sourceTree = SOURCE_ROOT; };
		CCD4D5F91CEC9482009B4550 /* HotCardTableViewCell.h */ = {isa = PBXFileReference; fileEncoding = 4; lastKnownFileType = sourcecode.c.h; name = HotCardTableViewCell.h; path = QixinFinance/HotCardTableViewCell.h; sourceTree = SOURCE_ROOT; };
		CCD4D5FA1CEC9482009B4550 /* HotCardTableViewCell.m */ = {isa = PBXFileReference; fileEncoding = 4; lastKnownFileType = sourcecode.c.objc; name = HotCardTableViewCell.m; path = QixinFinance/HotCardTableViewCell.m; sourceTree = SOURCE_ROOT; };
		CCD4D5FB1CEC9482009B4550 /* HotCardTableViewCell.xib */ = {isa = PBXFileReference; fileEncoding = 4; lastKnownFileType = file.xib; name = HotCardTableViewCell.xib; path = QixinFinance/HotCardTableViewCell.xib; sourceTree = SOURCE_ROOT; };
		CCD4D5FE1CEC94B6009B4550 /* financialSelectedTableViewCell.h */ = {isa = PBXFileReference; fileEncoding = 4; lastKnownFileType = sourcecode.c.h; name = financialSelectedTableViewCell.h; path = QixinFinance/financialSelectedTableViewCell.h; sourceTree = SOURCE_ROOT; };
		CCD4D5FF1CEC94B6009B4550 /* financialSelectedTableViewCell.m */ = {isa = PBXFileReference; fileEncoding = 4; lastKnownFileType = sourcecode.c.objc; name = financialSelectedTableViewCell.m; path = QixinFinance/financialSelectedTableViewCell.m; sourceTree = SOURCE_ROOT; };
		CCD4D6001CEC94B6009B4550 /* financialSelectedTableViewCell.xib */ = {isa = PBXFileReference; fileEncoding = 4; lastKnownFileType = file.xib; name = financialSelectedTableViewCell.xib; path = QixinFinance/financialSelectedTableViewCell.xib; sourceTree = SOURCE_ROOT; };
		CCD4D6031CEC9755009B4550 /* financialProductTableViewCell.h */ = {isa = PBXFileReference; fileEncoding = 4; lastKnownFileType = sourcecode.c.h; name = financialProductTableViewCell.h; path = QixinFinance/financialProductTableViewCell.h; sourceTree = SOURCE_ROOT; };
		CCD4D6041CEC9755009B4550 /* financialProductTableViewCell.m */ = {isa = PBXFileReference; fileEncoding = 4; lastKnownFileType = sourcecode.c.objc; name = financialProductTableViewCell.m; path = QixinFinance/financialProductTableViewCell.m; sourceTree = SOURCE_ROOT; };
		CCD4D6051CEC9755009B4550 /* financialProductTableViewCell.xib */ = {isa = PBXFileReference; fileEncoding = 4; lastKnownFileType = file.xib; name = financialProductTableViewCell.xib; path = QixinFinance/financialProductTableViewCell.xib; sourceTree = SOURCE_ROOT; };
		CCD4D6091CECA028009B4550 /* foumtab.png */ = {isa = PBXFileReference; lastKnownFileType = image.png; path = foumtab.png; sourceTree = "<group>"; };
		CCD4D60A1CECA028009B4550 /* 启鑫app首页_03.png */ = {isa = PBXFileReference; lastKnownFileType = image.png; path = "启鑫app首页_03.png"; sourceTree = "<group>"; };
		CCD4D60B1CECA028009B4550 /* 启鑫app首页_05.png */ = {isa = PBXFileReference; lastKnownFileType = image.png; path = "启鑫app首页_05.png"; sourceTree = "<group>"; };
		CCD4D60C1CECA028009B4550 /* 启鑫app首页_09.png */ = {isa = PBXFileReference; lastKnownFileType = image.png; path = "启鑫app首页_09.png"; sourceTree = "<group>"; };
		CCD4D60D1CECA028009B4550 /* 启鑫app首页_12.png */ = {isa = PBXFileReference; lastKnownFileType = image.png; path = "启鑫app首页_12.png"; sourceTree = "<group>"; };
		CCD4D60E1CECA028009B4550 /* 启鑫app首页_14.png */ = {isa = PBXFileReference; lastKnownFileType = image.png; path = "启鑫app首页_14.png"; sourceTree = "<group>"; };
		CCD4D60F1CECA028009B4550 /* 启鑫app首页_16.png */ = {isa = PBXFileReference; lastKnownFileType = image.png; path = "启鑫app首页_16.png"; sourceTree = "<group>"; };
		CCD4D6101CECA028009B4550 /* 启鑫app首页_21.png */ = {isa = PBXFileReference; lastKnownFileType = image.png; path = "启鑫app首页_21.png"; sourceTree = "<group>"; };
		CCD4D6111CECA028009B4550 /* 启鑫app首页_24.png */ = {isa = PBXFileReference; lastKnownFileType = image.png; path = "启鑫app首页_24.png"; sourceTree = "<group>"; };
		CCD4D6121CECA028009B4550 /* 启鑫app首页_28.png */ = {isa = PBXFileReference; lastKnownFileType = image.png; path = "启鑫app首页_28.png"; sourceTree = "<group>"; };
		CCD4D6131CECA028009B4550 /* 启鑫app首页_30.png */ = {isa = PBXFileReference; lastKnownFileType = image.png; path = "启鑫app首页_30.png"; sourceTree = "<group>"; };
		CCD4D6141CECA028009B4550 /* 启鑫app首页_34.png */ = {isa = PBXFileReference; lastKnownFileType = image.png; path = "启鑫app首页_34.png"; sourceTree = "<group>"; };
		CCD4D6211CECA095009B4550 /* loanIcon.png */ = {isa = PBXFileReference; lastKnownFileType = image.png; path = loanIcon.png; sourceTree = "<group>"; };
		CCD4D6231CECA0DF009B4550 /* hotCard.png */ = {isa = PBXFileReference; lastKnownFileType = image.png; path = hotCard.png; sourceTree = "<group>"; };
		CCD4D6251CECA123009B4550 /* product.png */ = {isa = PBXFileReference; lastKnownFileType = image.png; path = product.png; sourceTree = "<group>"; };
		CCD4D6271CECA1E5009B4550 /* activity.png */ = {isa = PBXFileReference; lastKnownFileType = image.png; path = activity.png; sourceTree = "<group>"; };
		DC2CC466DFED286C272AB859 /* Pods.debug.xcconfig */ = {isa = PBXFileReference; includeInIndex = 1; lastKnownFileType = text.xcconfig; name = Pods.debug.xcconfig; path = "Pods/Target Support Files/Pods/Pods.debug.xcconfig"; sourceTree = "<group>"; };
		F82754A037F78859AEDBF99B /* libPods.a */ = {isa = PBXFileReference; explicitFileType = archive.ar; includeInIndex = 0; path = libPods.a; sourceTree = BUILT_PRODUCTS_DIR; };
/* End PBXFileReference section */

/* Begin PBXFrameworksBuildPhase section */
		ABA301D71CEAFCC600693AC6 /* Frameworks */ = {
			isa = PBXFrameworksBuildPhase;
			buildActionMask = 2147483647;
			files = (
				1981117F1BB74D9D2B6661BA /* libPods.a in Frameworks */,
			);
			runOnlyForDeploymentPostprocessing = 0;
		};
		ABA301F31CEAFCC700693AC6 /* Frameworks */ = {
			isa = PBXFrameworksBuildPhase;
			buildActionMask = 2147483647;
			files = (
			);
			runOnlyForDeploymentPostprocessing = 0;
		};
		ABA301FE1CEAFCC700693AC6 /* Frameworks */ = {
			isa = PBXFrameworksBuildPhase;
			buildActionMask = 2147483647;
			files = (
			);
			runOnlyForDeploymentPostprocessing = 0;
		};
/* End PBXFrameworksBuildPhase section */

/* Begin PBXGroup section */
		1A1B0FB243F74C9B45C9B511 /* Pods */ = {
			isa = PBXGroup;
			children = (
				DC2CC466DFED286C272AB859 /* Pods.debug.xcconfig */,
				39D3FB5AAE129DB0C9DFE79B /* Pods.release.xcconfig */,
			);
			name = Pods;
			sourceTree = "<group>";
		};
		5685CBC20D69464E3BEC34EE /* Frameworks */ = {
			isa = PBXGroup;
			children = (
				F82754A037F78859AEDBF99B /* libPods.a */,
			);
			name = Frameworks;
			sourceTree = "<group>";
		};
		ABA301D11CEAFCC600693AC6 = {
			isa = PBXGroup;
			children = (
				ABA301DC1CEAFCC700693AC6 /* QixinFinance */,
				ABA301F91CEAFCC700693AC6 /* QixinFinanceTests */,
				ABA302041CEAFCC700693AC6 /* QixinFinanceUITests */,
				ABA301DB1CEAFCC600693AC6 /* Products */,
				1A1B0FB243F74C9B45C9B511 /* Pods */,
				5685CBC20D69464E3BEC34EE /* Frameworks */,
			);
			sourceTree = "<group>";
		};
		ABA301DB1CEAFCC600693AC6 /* Products */ = {
			isa = PBXGroup;
			children = (
				ABA301DA1CEAFCC600693AC6 /* QixinFinance.app */,
				ABA301F61CEAFCC700693AC6 /* QixinFinanceTests.xctest */,
				ABA302011CEAFCC700693AC6 /* QixinFinanceUITests.xctest */,
			);
			name = Products;
			sourceTree = "<group>";
		};
		ABA301DC1CEAFCC700693AC6 /* QixinFinance */ = {
			isa = PBXGroup;
			children = (
				CCD4D6081CECA028009B4550 /* images */,
				ABA302131CEB071200693AC6 /* AppDelegate */,
				ABA302161CEB071200693AC6 /* Controllers */,
				ABA3021B1CEB071200693AC6 /* Models */,
				ABA302201CEB071200693AC6 /* Plist */,
				ABA302211CEB071200693AC6 /* Resource */,
				ABA302221CEB071200693AC6 /* Util */,
				ABA302231CEB071200693AC6 /* Vendor */,
				ABA302241CEB071200693AC6 /* Views */,
				ABA301DD1CEAFCC700693AC6 /* Supporting Files */,
			);
			path = QixinFinance;
			sourceTree = "<group>";
		};
		ABA301DD1CEAFCC700693AC6 /* Supporting Files */ = {
			isa = PBXGroup;
			children = (
				ABA301DE1CEAFCC700693AC6 /* main.m */,
			);
			name = "Supporting Files";
			sourceTree = "<group>";
		};
		ABA301F91CEAFCC700693AC6 /* QixinFinanceTests */ = {
			isa = PBXGroup;
			children = (
				ABA301FA1CEAFCC700693AC6 /* QixinFinanceTests.m */,
				ABA301FC1CEAFCC700693AC6 /* Info.plist */,
			);
			path = QixinFinanceTests;
			sourceTree = "<group>";
		};
		ABA302041CEAFCC700693AC6 /* QixinFinanceUITests */ = {
			isa = PBXGroup;
			children = (
				ABA302051CEAFCC700693AC6 /* QixinFinanceUITests.m */,
				ABA302071CEAFCC700693AC6 /* Info.plist */,
			);
			path = QixinFinanceUITests;
			sourceTree = "<group>";
		};
		ABA302131CEB071200693AC6 /* AppDelegate */ = {
			isa = PBXGroup;
			children = (
				ABA302141CEB071200693AC6 /* AppDelegate.h */,
				ABA302151CEB071200693AC6 /* AppDelegate.m */,
			);
			path = AppDelegate;
			sourceTree = "<group>";
		};
		ABA302161CEB071200693AC6 /* Controllers */ = {
			isa = PBXGroup;
			children = (
				ABA3022A1CEB081100693AC6 /* HomeTabbarController */,
				ABA302171CEB071200693AC6 /* Forum */,
				ABA302181CEB071200693AC6 /* Homepage */,
				ABA302191CEB071200693AC6 /* Information */,
				ABA3021A1CEB071200693AC6 /* Personal */,
			);
			path = Controllers;
			sourceTree = "<group>";
		};
		ABA302171CEB071200693AC6 /* Forum */ = {
			isa = PBXGroup;
			children = (
			);
			path = Forum;
			sourceTree = "<group>";
		};
		ABA302181CEB071200693AC6 /* Homepage */ = {
			isa = PBXGroup;
			children = (
				ABA3023E1CEB18F300693AC6 /* HomepageViewController.h */,
				ABA3023F1CEB18F300693AC6 /* HomepageViewController.m */,
			);
			path = Homepage;
			sourceTree = "<group>";
		};
		ABA302191CEB071200693AC6 /* Information */ = {
			isa = PBXGroup;
			children = (
			);
			path = Information;
			sourceTree = "<group>";
		};
		ABA3021A1CEB071200693AC6 /* Personal */ = {
			isa = PBXGroup;
			children = (
			);
			path = Personal;
			sourceTree = "<group>";
		};
		ABA3021B1CEB071200693AC6 /* Models */ = {
			isa = PBXGroup;
			children = (
				ABA3021C1CEB071200693AC6 /* Forum */,
				ABA3021D1CEB071200693AC6 /* Homepage */,
				ABA3021E1CEB071200693AC6 /* Information */,
				ABA3021F1CEB071200693AC6 /* Personal */,
			);
			path = Models;
			sourceTree = "<group>";
		};
		ABA3021C1CEB071200693AC6 /* Forum */ = {
			isa = PBXGroup;
			children = (
			);
			path = Forum;
			sourceTree = "<group>";
		};
		ABA3021D1CEB071200693AC6 /* Homepage */ = {
			isa = PBXGroup;
			children = (
			);
			path = Homepage;
			sourceTree = "<group>";
		};
		ABA3021E1CEB071200693AC6 /* Information */ = {
			isa = PBXGroup;
			children = (
			);
			path = Information;
			sourceTree = "<group>";
		};
		ABA3021F1CEB071200693AC6 /* Personal */ = {
			isa = PBXGroup;
			children = (
			);
			path = Personal;
			sourceTree = "<group>";
		};
		ABA302201CEB071200693AC6 /* Plist */ = {
			isa = PBXGroup;
			children = (
				ABA301F11CEAFCC700693AC6 /* Info.plist */,
			);
			path = Plist;
			sourceTree = "<group>";
		};
		ABA302211CEB071200693AC6 /* Resource */ = {
			isa = PBXGroup;
			children = (
				ABA3023A1CEB09BA00693AC6 /* Image */,
				ABA302371CEB08DD00693AC6 /* Json */,
				ABA3022E1CEB085D00693AC6 /* Storybord */,
			);
			path = Resource;
			sourceTree = "<group>";
		};
		ABA302221CEB071200693AC6 /* Util */ = {
			isa = PBXGroup;
			children = (
			);
			path = Util;
			sourceTree = "<group>";
		};
		ABA302231CEB071200693AC6 /* Vendor */ = {
			isa = PBXGroup;
			children = (
			);
			path = Vendor;
			sourceTree = "<group>";
		};
		ABA302241CEB071200693AC6 /* Views */ = {
			isa = PBXGroup;
			children = (
				ABA302251CEB071200693AC6 /* Forum */,
				ABA302261CEB071200693AC6 /* Homepage */,
				ABA302271CEB071200693AC6 /* Information */,
				ABA302281CEB071200693AC6 /* Personal */,
			);
			path = Views;
			sourceTree = "<group>";
		};
		ABA302251CEB071200693AC6 /* Forum */ = {
			isa = PBXGroup;
			children = (
			);
			path = Forum;
			sourceTree = "<group>";
		};
		ABA302261CEB071200693AC6 /* Homepage */ = {
			isa = PBXGroup;
			children = (
				CCD4D5E21CEC92EE009B4550 /* ThreeTableViewCell.h */,
				CCD4D5E31CEC92EE009B4550 /* ThreeTableViewCell.m */,
				CCD4D5E51CEC930C009B4550 /* ThreeCollectionViewCell.h */,
				CCD4D5E61CEC930C009B4550 /* ThreeCollectionViewCell.m */,
				CCD4D5E71CEC930C009B4550 /* ThreeCollectionViewCell.xib */,
				CCD4D5EF1CEC9454009B4550 /* ActivityTableViewCell.h */,
				CCD4D5F01CEC9454009B4550 /* ActivityTableViewCell.m */,
				CCD4D5F11CEC9454009B4550 /* ActivityTableViewCell.xib */,
				CCD4D5EA1CEC943B009B4550 /* recommandLoanTableViewCell.h */,
				CCD4D5EB1CEC943B009B4550 /* recommandLoanTableViewCell.m */,
				CCD4D5EC1CEC943B009B4550 /* recommandLoanTableViewCell.xib */,
				CCD4D5F41CEC946D009B4550 /* bankLoanTableViewCell.h */,
				CCD4D5F51CEC946D009B4550 /* bankLoanTableViewCell.m */,
				CCD4D5F61CEC946D009B4550 /* bankLoanTableViewCell.xib */,
				CCD4D5F91CEC9482009B4550 /* HotCardTableViewCell.h */,
				CCD4D5FA1CEC9482009B4550 /* HotCardTableViewCell.m */,
				CCD4D5FB1CEC9482009B4550 /* HotCardTableViewCell.xib */,
				CCD4D5FE1CEC94B6009B4550 /* financialSelectedTableViewCell.h */,
				CCD4D5FF1CEC94B6009B4550 /* financialSelectedTableViewCell.m */,
				CCD4D6001CEC94B6009B4550 /* financialSelectedTableViewCell.xib */,
				CCD4D6031CEC9755009B4550 /* financialProductTableViewCell.h */,
				CCD4D6041CEC9755009B4550 /* financialProductTableViewCell.m */,
				CCD4D6051CEC9755009B4550 /* financialProductTableViewCell.xib */,
			);
			path = Homepage;
			sourceTree = "<group>";
		};
		ABA302271CEB071200693AC6 /* Information */ = {
			isa = PBXGroup;
			children = (
			);
			path = Information;
			sourceTree = "<group>";
		};
		ABA302281CEB071200693AC6 /* Personal */ = {
			isa = PBXGroup;
			children = (
			);
			path = Personal;
			sourceTree = "<group>";
		};
		ABA3022A1CEB081100693AC6 /* HomeTabbarController */ = {
			isa = PBXGroup;
			children = (
				ABA3022B1CEB084400693AC6 /* HomeTabbarViewController.h */,
				ABA3022C1CEB084400693AC6 /* HomeTabbarViewController.m */,
				ABA3023B1CEB17F300693AC6 /* BaseViewController.h */,
				ABA3023C1CEB17F300693AC6 /* BaseViewController.m */,
			);
			name = HomeTabbarController;
			sourceTree = "<group>";
		};
		ABA3022E1CEB085D00693AC6 /* Storybord */ = {
			isa = PBXGroup;
			children = (
				ABA301EE1CEAFCC700693AC6 /* LaunchScreen.storyboard */,
				ABA301E91CEAFCC700693AC6 /* Main.storyboard */,
				ABA3022F1CEB089900693AC6 /* Homepage.storyboard */,
				ABA302311CEB08A500693AC6 /* Forum.storyboard */,
				ABA302331CEB08BE00693AC6 /* Information.storyboard */,
				ABA302351CEB08D100693AC6 /* Personal.storyboard */,
			);
			name = Storybord;
			sourceTree = "<group>";
		};
		ABA302371CEB08DD00693AC6 /* Json */ = {
			isa = PBXGroup;
			children = (
				ABA302381CEB090500693AC6 /* HomeTabbars.json */,
			);
			name = Json;
			sourceTree = "<group>";
		};
		ABA3023A1CEB09BA00693AC6 /* Image */ = {
			isa = PBXGroup;
			children = (
				ABA301EC1CEAFCC700693AC6 /* Assets.xcassets */,
			);
			name = Image;
			sourceTree = "<group>";
		};
		CCD4D6081CECA028009B4550 /* images */ = {
			isa = PBXGroup;
			children = (
				CCD4D6271CECA1E5009B4550 /* activity.png */,
				CCD4D6251CECA123009B4550 /* product.png */,
				CCD4D6231CECA0DF009B4550 /* hotCard.png */,
				CCD4D6211CECA095009B4550 /* loanIcon.png */,
				CCD4D6091CECA028009B4550 /* foumtab.png */,
				CCD4D60A1CECA028009B4550 /* 启鑫app首页_03.png */,
				CCD4D60B1CECA028009B4550 /* 启鑫app首页_05.png */,
				CCD4D60C1CECA028009B4550 /* 启鑫app首页_09.png */,
				CCD4D60D1CECA028009B4550 /* 启鑫app首页_12.png */,
				CCD4D60E1CECA028009B4550 /* 启鑫app首页_14.png */,
				CCD4D60F1CECA028009B4550 /* 启鑫app首页_16.png */,
				CCD4D6101CECA028009B4550 /* 启鑫app首页_21.png */,
				CCD4D6111CECA028009B4550 /* 启鑫app首页_24.png */,
				CCD4D6121CECA028009B4550 /* 启鑫app首页_28.png */,
				CCD4D6131CECA028009B4550 /* 启鑫app首页_30.png */,
				CCD4D6141CECA028009B4550 /* 启鑫app首页_34.png */,
			);
			path = images;
			sourceTree = "<group>";
		};
/* End PBXGroup section */

/* Begin PBXNativeTarget section */
		ABA301D91CEAFCC600693AC6 /* QixinFinance */ = {
			isa = PBXNativeTarget;
			buildConfigurationList = ABA3020A1CEAFCC700693AC6 /* Build configuration list for PBXNativeTarget "QixinFinance" */;
			buildPhases = (
				3FE2FE486373C89722B55959 /* Check Pods Manifest.lock */,
				ABA301D61CEAFCC600693AC6 /* Sources */,
				ABA301D71CEAFCC600693AC6 /* Frameworks */,
				ABA301D81CEAFCC600693AC6 /* Resources */,
				84E1A232EBD9E5E483D51662 /* Embed Pods Frameworks */,
				23BC3C1AAB2538CE7498321F /* Copy Pods Resources */,
			);
			buildRules = (
			);
			dependencies = (
			);
			name = QixinFinance;
			productName = QixinFinance;
			productReference = ABA301DA1CEAFCC600693AC6 /* QixinFinance.app */;
			productType = "com.apple.product-type.application";
		};
		ABA301F51CEAFCC700693AC6 /* QixinFinanceTests */ = {
			isa = PBXNativeTarget;
			buildConfigurationList = ABA3020D1CEAFCC700693AC6 /* Build configuration list for PBXNativeTarget "QixinFinanceTests" */;
			buildPhases = (
				ABA301F21CEAFCC700693AC6 /* Sources */,
				ABA301F31CEAFCC700693AC6 /* Frameworks */,
				ABA301F41CEAFCC700693AC6 /* Resources */,
			);
			buildRules = (
			);
			dependencies = (
				ABA301F81CEAFCC700693AC6 /* PBXTargetDependency */,
			);
			name = QixinFinanceTests;
			productName = QixinFinanceTests;
			productReference = ABA301F61CEAFCC700693AC6 /* QixinFinanceTests.xctest */;
			productType = "com.apple.product-type.bundle.unit-test";
		};
		ABA302001CEAFCC700693AC6 /* QixinFinanceUITests */ = {
			isa = PBXNativeTarget;
			buildConfigurationList = ABA302101CEAFCC700693AC6 /* Build configuration list for PBXNativeTarget "QixinFinanceUITests" */;
			buildPhases = (
				ABA301FD1CEAFCC700693AC6 /* Sources */,
				ABA301FE1CEAFCC700693AC6 /* Frameworks */,
				ABA301FF1CEAFCC700693AC6 /* Resources */,
			);
			buildRules = (
			);
			dependencies = (
				ABA302031CEAFCC700693AC6 /* PBXTargetDependency */,
			);
			name = QixinFinanceUITests;
			productName = QixinFinanceUITests;
			productReference = ABA302011CEAFCC700693AC6 /* QixinFinanceUITests.xctest */;
			productType = "com.apple.product-type.bundle.ui-testing";
		};
/* End PBXNativeTarget section */

/* Begin PBXProject section */
		ABA301D21CEAFCC600693AC6 /* Project object */ = {
			isa = PBXProject;
			attributes = {
				LastUpgradeCheck = 0730;
				ORGANIZATIONNAME = youyou;
				TargetAttributes = {
					ABA301D91CEAFCC600693AC6 = {
						CreatedOnToolsVersion = 7.3;
					};
					ABA301F51CEAFCC700693AC6 = {
						CreatedOnToolsVersion = 7.3;
						TestTargetID = ABA301D91CEAFCC600693AC6;
					};
					ABA302001CEAFCC700693AC6 = {
						CreatedOnToolsVersion = 7.3;
						TestTargetID = ABA301D91CEAFCC600693AC6;
					};
				};
			};
			buildConfigurationList = ABA301D51CEAFCC600693AC6 /* Build configuration list for PBXProject "QixinFinance" */;
			compatibilityVersion = "Xcode 3.2";
			developmentRegion = English;
			hasScannedForEncodings = 0;
			knownRegions = (
				en,
				Base,
			);
			mainGroup = ABA301D11CEAFCC600693AC6;
			productRefGroup = ABA301DB1CEAFCC600693AC6 /* Products */;
			projectDirPath = "";
			projectRoot = "";
			targets = (
				ABA301D91CEAFCC600693AC6 /* QixinFinance */,
				ABA301F51CEAFCC700693AC6 /* QixinFinanceTests */,
				ABA302001CEAFCC700693AC6 /* QixinFinanceUITests */,
			);
		};
/* End PBXProject section */

/* Begin PBXResourcesBuildPhase section */
		ABA301D81CEAFCC600693AC6 /* Resources */ = {
			isa = PBXResourcesBuildPhase;
			buildActionMask = 2147483647;
			files = (
				CCD4D6221CECA095009B4550 /* loanIcon.png in Resources */,
				CCD4D6161CECA028009B4550 /* 启鑫app首页_03.png in Resources */,
				CCD4D6261CECA123009B4550 /* product.png in Resources */,
				CCD4D6241CECA0DF009B4550 /* hotCard.png in Resources */,
				CCD4D5E91CEC930C009B4550 /* ThreeCollectionViewCell.xib in Resources */,
				CCD4D61C1CECA028009B4550 /* 启鑫app首页_21.png in Resources */,
				ABA302391CEB090500693AC6 /* HomeTabbars.json in Resources */,
				CCD4D61D1CECA028009B4550 /* 启鑫app首页_24.png in Resources */,
				CCD4D61A1CECA028009B4550 /* 启鑫app首页_14.png in Resources */,
				ABA302301CEB089900693AC6 /* Homepage.storyboard in Resources */,
				ABA302321CEB08A500693AC6 /* Forum.storyboard in Resources */,
				CCD4D61E1CECA028009B4550 /* 启鑫app首页_28.png in Resources */,
				CCD4D6071CEC9755009B4550 /* financialProductTableViewCell.xib in Resources */,
				ABA301F01CEAFCC700693AC6 /* LaunchScreen.storyboard in Resources */,
				ABA302341CEB08BE00693AC6 /* Information.storyboard in Resources */,
				CCD4D6021CEC94B6009B4550 /* financialSelectedTableViewCell.xib in Resources */,
				CCD4D61F1CECA028009B4550 /* 启鑫app首页_30.png in Resources */,
				ABA301ED1CEAFCC700693AC6 /* Assets.xcassets in Resources */,
				CCD4D61B1CECA028009B4550 /* 启鑫app首页_16.png in Resources */,
				CCD4D5FD1CEC9482009B4550 /* HotCardTableViewCell.xib in Resources */,
				CCD4D5F81CEC946D009B4550 /* bankLoanTableViewCell.xib in Resources */,
				CCD4D6281CECA1E5009B4550 /* activity.png in Resources */,
				ABA301EB1CEAFCC700693AC6 /* Main.storyboard in Resources */,
				CCD4D6191CECA028009B4550 /* 启鑫app首页_12.png in Resources */,
				CCD4D6171CECA028009B4550 /* 启鑫app首页_05.png in Resources */,
				CCD4D6151CECA028009B4550 /* foumtab.png in Resources */,
				CCD4D5F31CEC9454009B4550 /* ActivityTableViewCell.xib in Resources */,
				CCD4D6201CECA028009B4550 /* 启鑫app首页_34.png in Resources */,
				CCD4D5EE1CEC943B009B4550 /* recommandLoanTableViewCell.xib in Resources */,
				ABA302361CEB08D100693AC6 /* Personal.storyboard in Resources */,
				CCD4D6181CECA028009B4550 /* 启鑫app首页_09.png in Resources */,
			);
			runOnlyForDeploymentPostprocessing = 0;
		};
		ABA301F41CEAFCC700693AC6 /* Resources */ = {
			isa = PBXResourcesBuildPhase;
			buildActionMask = 2147483647;
			files = (
			);
			runOnlyForDeploymentPostprocessing = 0;
		};
		ABA301FF1CEAFCC700693AC6 /* Resources */ = {
			isa = PBXResourcesBuildPhase;
			buildActionMask = 2147483647;
			files = (
			);
			runOnlyForDeploymentPostprocessing = 0;
		};
/* End PBXResourcesBuildPhase section */

/* Begin PBXShellScriptBuildPhase section */
		23BC3C1AAB2538CE7498321F /* Copy Pods Resources */ = {
			isa = PBXShellScriptBuildPhase;
			buildActionMask = 2147483647;
			files = (
			);
			inputPaths = (
			);
			name = "Copy Pods Resources";
			outputPaths = (
			);
			runOnlyForDeploymentPostprocessing = 0;
			shellPath = /bin/sh;
			shellScript = "\"${SRCROOT}/Pods/Target Support Files/Pods/Pods-resources.sh\"\n";
			showEnvVarsInLog = 0;
		};
		3FE2FE486373C89722B55959 /* Check Pods Manifest.lock */ = {
			isa = PBXShellScriptBuildPhase;
			buildActionMask = 2147483647;
			files = (
			);
			inputPaths = (
			);
			name = "Check Pods Manifest.lock";
			outputPaths = (
			);
			runOnlyForDeploymentPostprocessing = 0;
			shellPath = /bin/sh;
			shellScript = "diff \"${PODS_ROOT}/../Podfile.lock\" \"${PODS_ROOT}/Manifest.lock\" > /dev/null\nif [[ $? != 0 ]] ; then\n    cat << EOM\nerror: The sandbox is not in sync with the Podfile.lock. Run 'pod install' or update your CocoaPods installation.\nEOM\n    exit 1\nfi\n";
			showEnvVarsInLog = 0;
		};
		84E1A232EBD9E5E483D51662 /* Embed Pods Frameworks */ = {
			isa = PBXShellScriptBuildPhase;
			buildActionMask = 2147483647;
			files = (
			);
			inputPaths = (
			);
			name = "Embed Pods Frameworks";
			outputPaths = (
			);
			runOnlyForDeploymentPostprocessing = 0;
			shellPath = /bin/sh;
			shellScript = "\"${SRCROOT}/Pods/Target Support Files/Pods/Pods-frameworks.sh\"\n";
			showEnvVarsInLog = 0;
		};
/* End PBXShellScriptBuildPhase section */

/* Begin PBXSourcesBuildPhase section */
		ABA301D61CEAFCC600693AC6 /* Sources */ = {
			isa = PBXSourcesBuildPhase;
			buildActionMask = 2147483647;
			files = (
				CCD4D5FC1CEC9482009B4550 /* HotCardTableViewCell.m in Sources */,
				ABA302291CEB071200693AC6 /* AppDelegate.m in Sources */,
				ABA3023D1CEB17F300693AC6 /* BaseViewController.m in Sources */,
				CCD4D5ED1CEC943B009B4550 /* recommandLoanTableViewCell.m in Sources */,
				ABA302401CEB18F300693AC6 /* HomepageViewController.m in Sources */,
				CCD4D5E81CEC930C009B4550 /* ThreeCollectionViewCell.m in Sources */,
				CCD4D5F21CEC9454009B4550 /* ActivityTableViewCell.m in Sources */,
				ABA3022D1CEB084400693AC6 /* HomeTabbarViewController.m in Sources */,
				CCD4D6061CEC9755009B4550 /* financialProductTableViewCell.m in Sources */,
				CCD4D6011CEC94B6009B4550 /* financialSelectedTableViewCell.m in Sources */,
				CCD4D5E41CEC92EE009B4550 /* ThreeTableViewCell.m in Sources */,
				ABA301DF1CEAFCC700693AC6 /* main.m in Sources */,
				CCD4D5F71CEC946D009B4550 /* bankLoanTableViewCell.m in Sources */,
			);
			runOnlyForDeploymentPostprocessing = 0;
		};
		ABA301F21CEAFCC700693AC6 /* Sources */ = {
			isa = PBXSourcesBuildPhase;
			buildActionMask = 2147483647;
			files = (
				ABA301FB1CEAFCC700693AC6 /* QixinFinanceTests.m in Sources */,
			);
			runOnlyForDeploymentPostprocessing = 0;
		};
		ABA301FD1CEAFCC700693AC6 /* Sources */ = {
			isa = PBXSourcesBuildPhase;
			buildActionMask = 2147483647;
			files = (
				ABA302061CEAFCC700693AC6 /* QixinFinanceUITests.m in Sources */,
			);
			runOnlyForDeploymentPostprocessing = 0;
		};
/* End PBXSourcesBuildPhase section */

/* Begin PBXTargetDependency section */
		ABA301F81CEAFCC700693AC6 /* PBXTargetDependency */ = {
			isa = PBXTargetDependency;
			target = ABA301D91CEAFCC600693AC6 /* QixinFinance */;
			targetProxy = ABA301F71CEAFCC700693AC6 /* PBXContainerItemProxy */;
		};
		ABA302031CEAFCC700693AC6 /* PBXTargetDependency */ = {
			isa = PBXTargetDependency;
			target = ABA301D91CEAFCC600693AC6 /* QixinFinance */;
			targetProxy = ABA302021CEAFCC700693AC6 /* PBXContainerItemProxy */;
		};
/* End PBXTargetDependency section */

/* Begin PBXVariantGroup section */
		ABA301E91CEAFCC700693AC6 /* Main.storyboard */ = {
			isa = PBXVariantGroup;
			children = (
				ABA301EA1CEAFCC700693AC6 /* Base */,
			);
			name = Main.storyboard;
			path = ..;
			sourceTree = "<group>";
		};
		ABA301EE1CEAFCC700693AC6 /* LaunchScreen.storyboard */ = {
			isa = PBXVariantGroup;
			children = (
				ABA301EF1CEAFCC700693AC6 /* Base */,
			);
			name = LaunchScreen.storyboard;
			path = ..;
			sourceTree = "<group>";
		};
/* End PBXVariantGroup section */

/* Begin XCBuildConfiguration section */
		ABA302081CEAFCC700693AC6 /* Debug */ = {
			isa = XCBuildConfiguration;
			buildSettings = {
				ALWAYS_SEARCH_USER_PATHS = NO;
				CLANG_ANALYZER_NONNULL = YES;
				CLANG_CXX_LANGUAGE_STANDARD = "gnu++0x";
				CLANG_CXX_LIBRARY = "libc++";
				CLANG_ENABLE_MODULES = YES;
				CLANG_ENABLE_OBJC_ARC = YES;
				CLANG_WARN_BOOL_CONVERSION = YES;
				CLANG_WARN_CONSTANT_CONVERSION = YES;
				CLANG_WARN_DIRECT_OBJC_ISA_USAGE = YES_ERROR;
				CLANG_WARN_EMPTY_BODY = YES;
				CLANG_WARN_ENUM_CONVERSION = YES;
				CLANG_WARN_INT_CONVERSION = YES;
				CLANG_WARN_OBJC_ROOT_CLASS = YES_ERROR;
				CLANG_WARN_UNREACHABLE_CODE = YES;
				CLANG_WARN__DUPLICATE_METHOD_MATCH = YES;
				"CODE_SIGN_IDENTITY[sdk=iphoneos*]" = "iPhone Developer";
				COPY_PHASE_STRIP = NO;
				DEBUG_INFORMATION_FORMAT = dwarf;
				ENABLE_STRICT_OBJC_MSGSEND = YES;
				ENABLE_TESTABILITY = YES;
				GCC_C_LANGUAGE_STANDARD = gnu99;
				GCC_DYNAMIC_NO_PIC = NO;
				GCC_NO_COMMON_BLOCKS = YES;
				GCC_OPTIMIZATION_LEVEL = 0;
				GCC_PREPROCESSOR_DEFINITIONS = (
					"DEBUG=1",
					"$(inherited)",
				);
				GCC_WARN_64_TO_32_BIT_CONVERSION = YES;
				GCC_WARN_ABOUT_RETURN_TYPE = YES_ERROR;
				GCC_WARN_UNDECLARED_SELECTOR = YES;
				GCC_WARN_UNINITIALIZED_AUTOS = YES_AGGRESSIVE;
				GCC_WARN_UNUSED_FUNCTION = YES;
				GCC_WARN_UNUSED_VARIABLE = YES;
				IPHONEOS_DEPLOYMENT_TARGET = 9.3;
				MTL_ENABLE_DEBUG_INFO = YES;
				ONLY_ACTIVE_ARCH = YES;
				SDKROOT = iphoneos;
				TARGETED_DEVICE_FAMILY = "1,2";
			};
			name = Debug;
		};
		ABA302091CEAFCC700693AC6 /* Release */ = {
			isa = XCBuildConfiguration;
			buildSettings = {
				ALWAYS_SEARCH_USER_PATHS = NO;
				CLANG_ANALYZER_NONNULL = YES;
				CLANG_CXX_LANGUAGE_STANDARD = "gnu++0x";
				CLANG_CXX_LIBRARY = "libc++";
				CLANG_ENABLE_MODULES = YES;
				CLANG_ENABLE_OBJC_ARC = YES;
				CLANG_WARN_BOOL_CONVERSION = YES;
				CLANG_WARN_CONSTANT_CONVERSION = YES;
				CLANG_WARN_DIRECT_OBJC_ISA_USAGE = YES_ERROR;
				CLANG_WARN_EMPTY_BODY = YES;
				CLANG_WARN_ENUM_CONVERSION = YES;
				CLANG_WARN_INT_CONVERSION = YES;
				CLANG_WARN_OBJC_ROOT_CLASS = YES_ERROR;
				CLANG_WARN_UNREACHABLE_CODE = YES;
				CLANG_WARN__DUPLICATE_METHOD_MATCH = YES;
				"CODE_SIGN_IDENTITY[sdk=iphoneos*]" = "iPhone Developer";
				COPY_PHASE_STRIP = NO;
				DEBUG_INFORMATION_FORMAT = "dwarf-with-dsym";
				ENABLE_NS_ASSERTIONS = NO;
				ENABLE_STRICT_OBJC_MSGSEND = YES;
				GCC_C_LANGUAGE_STANDARD = gnu99;
				GCC_NO_COMMON_BLOCKS = YES;
				GCC_WARN_64_TO_32_BIT_CONVERSION = YES;
				GCC_WARN_ABOUT_RETURN_TYPE = YES_ERROR;
				GCC_WARN_UNDECLARED_SELECTOR = YES;
				GCC_WARN_UNINITIALIZED_AUTOS = YES_AGGRESSIVE;
				GCC_WARN_UNUSED_FUNCTION = YES;
				GCC_WARN_UNUSED_VARIABLE = YES;
				IPHONEOS_DEPLOYMENT_TARGET = 9.3;
				MTL_ENABLE_DEBUG_INFO = NO;
				SDKROOT = iphoneos;
				TARGETED_DEVICE_FAMILY = "1,2";
				VALIDATE_PRODUCT = YES;
			};
			name = Release;
		};
		ABA3020B1CEAFCC700693AC6 /* Debug */ = {
			isa = XCBuildConfiguration;
			baseConfigurationReference = DC2CC466DFED286C272AB859 /* Pods.debug.xcconfig */;
			buildSettings = {
				ASSETCATALOG_COMPILER_APPICON_NAME = AppIcon;
				INFOPLIST_FILE = QixinFinance/Info.plist;
				LD_RUNPATH_SEARCH_PATHS = "$(inherited) @executable_path/Frameworks";
				PRODUCT_BUNDLE_IDENTIFIER = com.youyou.QixinFinance;
				PRODUCT_NAME = "$(TARGET_NAME)";
			};
			name = Debug;
		};
		ABA3020C1CEAFCC700693AC6 /* Release */ = {
			isa = XCBuildConfiguration;
			baseConfigurationReference = 39D3FB5AAE129DB0C9DFE79B /* Pods.release.xcconfig */;
			buildSettings = {
				ASSETCATALOG_COMPILER_APPICON_NAME = AppIcon;
				INFOPLIST_FILE = QixinFinance/Info.plist;
				LD_RUNPATH_SEARCH_PATHS = "$(inherited) @executable_path/Frameworks";
				PRODUCT_BUNDLE_IDENTIFIER = com.youyou.QixinFinance;
				PRODUCT_NAME = "$(TARGET_NAME)";
			};
			name = Release;
		};
		ABA3020E1CEAFCC700693AC6 /* Debug */ = {
			isa = XCBuildConfiguration;
			buildSettings = {
				BUNDLE_LOADER = "$(TEST_HOST)";
				INFOPLIST_FILE = QixinFinanceTests/Info.plist;
				LD_RUNPATH_SEARCH_PATHS = "$(inherited) @executable_path/Frameworks @loader_path/Frameworks";
				PRODUCT_BUNDLE_IDENTIFIER = com.youyou.QixinFinanceTests;
				PRODUCT_NAME = "$(TARGET_NAME)";
				TEST_HOST = "$(BUILT_PRODUCTS_DIR)/QixinFinance.app/QixinFinance";
			};
			name = Debug;
		};
		ABA3020F1CEAFCC700693AC6 /* Release */ = {
			isa = XCBuildConfiguration;
			buildSettings = {
				BUNDLE_LOADER = "$(TEST_HOST)";
				INFOPLIST_FILE = QixinFinanceTests/Info.plist;
				LD_RUNPATH_SEARCH_PATHS = "$(inherited) @executable_path/Frameworks @loader_path/Frameworks";
				PRODUCT_BUNDLE_IDENTIFIER = com.youyou.QixinFinanceTests;
				PRODUCT_NAME = "$(TARGET_NAME)";
				TEST_HOST = "$(BUILT_PRODUCTS_DIR)/QixinFinance.app/QixinFinance";
			};
			name = Release;
		};
		ABA302111CEAFCC700693AC6 /* Debug */ = {
			isa = XCBuildConfiguration;
			buildSettings = {
				INFOPLIST_FILE = QixinFinanceUITests/Info.plist;
				LD_RUNPATH_SEARCH_PATHS = "$(inherited) @executable_path/Frameworks @loader_path/Frameworks";
				PRODUCT_BUNDLE_IDENTIFIER = com.youyou.QixinFinanceUITests;
				PRODUCT_NAME = "$(TARGET_NAME)";
				TEST_TARGET_NAME = QixinFinance;
			};
			name = Debug;
		};
		ABA302121CEAFCC700693AC6 /* Release */ = {
			isa = XCBuildConfiguration;
			buildSettings = {
				INFOPLIST_FILE = QixinFinanceUITests/Info.plist;
				LD_RUNPATH_SEARCH_PATHS = "$(inherited) @executable_path/Frameworks @loader_path/Frameworks";
				PRODUCT_BUNDLE_IDENTIFIER = com.youyou.QixinFinanceUITests;
				PRODUCT_NAME = "$(TARGET_NAME)";
				TEST_TARGET_NAME = QixinFinance;
			};
			name = Release;
		};
/* End XCBuildConfiguration section */

/* Begin XCConfigurationList section */
		ABA301D51CEAFCC600693AC6 /* Build configuration list for PBXProject "QixinFinance" */ = {
			isa = XCConfigurationList;
			buildConfigurations = (
				ABA302081CEAFCC700693AC6 /* Debug */,
				ABA302091CEAFCC700693AC6 /* Release */,
			);
			defaultConfigurationIsVisible = 0;
			defaultConfigurationName = Release;
		};
		ABA3020A1CEAFCC700693AC6 /* Build configuration list for PBXNativeTarget "QixinFinance" */ = {
			isa = XCConfigurationList;
			buildConfigurations = (
				ABA3020B1CEAFCC700693AC6 /* Debug */,
				ABA3020C1CEAFCC700693AC6 /* Release */,
			);
			defaultConfigurationIsVisible = 0;
			defaultConfigurationName = Release;
		};
		ABA3020D1CEAFCC700693AC6 /* Build configuration list for PBXNativeTarget "QixinFinanceTests" */ = {
			isa = XCConfigurationList;
			buildConfigurations = (
				ABA3020E1CEAFCC700693AC6 /* Debug */,
				ABA3020F1CEAFCC700693AC6 /* Release */,
			);
			defaultConfigurationIsVisible = 0;
			defaultConfigurationName = Release;
		};
		ABA302101CEAFCC700693AC6 /* Build configuration list for PBXNativeTarget "QixinFinanceUITests" */ = {
			isa = XCConfigurationList;
			buildConfigurations = (
				ABA302111CEAFCC700693AC6 /* Debug */,
				ABA302121CEAFCC700693AC6 /* Release */,
			);
			defaultConfigurationIsVisible = 0;
			defaultConfigurationName = Release;
		};
/* End XCConfigurationList section */
	};
	rootObject = ABA301D21CEAFCC600693AC6 /* Project object */;
}
